
Microsoft Visual Studio Solution File, Format Version 12.00
# Visual Studio Version 16
VisualStudioVersion = 16.0.31220.234
MinimumVisualStudioVersion = 10.0.40219.1
Project("{FAE04EC0-301F-11D3-BF4B-00C04F79EFBC}") = "HappyCoding.Calculator", "HappyCoding.Calculator\HappyCoding.Calculator.csproj", "{F36DDFB4-2886-456D-8E9A-4CF089AD1A9B}"
EndProject
Project("{FAE04EC0-301F-11D3-BF4B-00C04F79EFBC}") = "HappyCoding.Calculator.Tests", "..\HappyCoding.Calculator.Tests\HappyCoding.Calculator.Tests.csproj", "{49C70461-DF45-4D97-925C-9B58FEFA5F78}"
EndProject
Global
	GlobalSection(SolutionConfigurationPlatforms) = preSolution
		Debug|Any CPU = Debug|Any CPU
		Release|Any CPU = Release|Any CPU
	EndGlobalSection
	GlobalSection(ProjectConfigurationPlatforms) = postSolution
		{F36DDFB4-2886-456D-8E9A-4CF089AD1A9B}.Debug|Any CPU.ActiveCfg = Debug|Any CPU
		{F36DDFB4-2886-456D-8E9A-4CF089AD1A9B}.Debug|Any CPU.Build.0 = Debug|Any CPU
		{F36DDFB4-2886-456D-8E9A-4CF089AD1A9B}.Release|Any CPU.ActiveCfg = Release|Any CPU
		{F36DDFB4-2886-456D-8E9A-4CF089AD1A9B}.Release|Any CPU.Build.0 = Release|Any CPU
		{49C70461-DF45-4D97-925C-9B58FEFA5F78}.Debug|Any CPU.ActiveCfg = Debug|Any CPU
		{49C70461-DF45-4D97-925C-9B58FEFA5F78}.Debug|Any CPU.Build.0 = Debug|Any CPU
		{49C70461-DF45-4D97-925C-9B58FEFA5F78}.Release|Any CPU.ActiveCfg = Release|Any CPU
		{49C70461-DF45-4D97-925C-9B58FEFA5F78}.Release|Any CPU.Build.0 = Release|Any CPU
	EndGlobalSection
	GlobalSection(SolutionProperties) = preSolution
		HideSolutionNode = FALSE
	EndGlobalSection
	GlobalSection(ExtensibilityGlobals) = postSolution
		SolutionGuid = {506FC39E-92BC-4F8B-BBF7-404CAD80593A}
	EndGlobalSection
EndGlobal
